// !$*UTF8*$!
{
	archiveVersion = 1;
	classes = {
	};
	objectVersion = 55;
	objects = {

/* Begin PBXBuildFile section */
		EF9E4CAE27F3434C00A775E8 /* triangleDancerModifier.metal in Sources */ = {isa = PBXBuildFile; fileRef = EF9E4CAD27F3434C00A775E8 /* triangleDancerModifier.metal */; };
		EF9E4CB027F34DB600A775E8 /* expandingSquareModifier.metal in Sources */ = {isa = PBXBuildFile; fileRef = EF9E4CAF27F34DB600A775E8 /* expandingSquareModifier.metal */; };
		EF9E4CB227F34F0900A775E8 /* MetalShaders.swift in Sources */ = {isa = PBXBuildFile; fileRef = EF9E4CB127F34F0900A775E8 /* MetalShaders.swift */; };
		EF9E4CB427F38A6100A775E8 /* staticWireframeShader.metal in Sources */ = {isa = PBXBuildFile; fileRef = EF9E4CB327F38A6100A775E8 /* staticWireframeShader.metal */; };
		EF9E4CB927F3A26F00A775E8 /* wireframeShader.metal in Sources */ = {isa = PBXBuildFile; fileRef = EF9E4CB827F3A26F00A775E8 /* wireframeShader.metal */; };
		EFAF2A4A27F32F43002E7411 /* AppDelegate.swift in Sources */ = {isa = PBXBuildFile; fileRef = EFAF2A4927F32F43002E7411 /* AppDelegate.swift */; };
		EFAF2A4C27F32F43002E7411 /* ContentView.swift in Sources */ = {isa = PBXBuildFile; fileRef = EFAF2A4B27F32F43002E7411 /* ContentView.swift */; };
		EFAF2A5027F32F44002E7411 /* Assets.xcassets in Resources */ = {isa = PBXBuildFile; fileRef = EFAF2A4F27F32F44002E7411 /* Assets.xcassets */; };
		EFAF2A5327F32F44002E7411 /* Preview Assets.xcassets in Resources */ = {isa = PBXBuildFile; fileRef = EFAF2A5227F32F44002E7411 /* Preview Assets.xcassets */; };
		EFAF2A5A27F32F73002E7411 /* MyARView.swift in Sources */ = {isa = PBXBuildFile; fileRef = EFAF2A5927F32F73002E7411 /* MyARView.swift */; };
		EFAF2A5C27F332CD002E7411 /* MyARView+Configuration.swift in Sources */ = {isa = PBXBuildFile; fileRef = EFAF2A5B27F332CD002E7411 /* MyARView+Configuration.swift */; };
		EFAF2A5E27F33361002E7411 /* MyARView+ARSessionDelegate.swift in Sources */ = {isa = PBXBuildFile; fileRef = EFAF2A5D27F33361002E7411 /* MyARView+ARSessionDelegate.swift */; };
		EFAF2A6027F33537002E7411 /* pulsingShader.metal in Sources */ = {isa = PBXBuildFile; fileRef = EFAF2A5F27F33537002E7411 /* pulsingShader.metal */; };
		EFAF2A6227F335A3002E7411 /* greenShader.metal in Sources */ = {isa = PBXBuildFile; fileRef = EFAF2A6127F335A3002E7411 /* greenShader.metal */; };
		EFC504A827F5A8D000E0299C /* grassGreenShader.metal in Sources */ = {isa = PBXBuildFile; fileRef = EFC504A727F5A8D000E0299C /* grassGreenShader.metal */; };
		EFC504AC27F5CBEB00E0299C /* grassWindModifier.metal in Sources */ = {isa = PBXBuildFile; fileRef = EFC504AB27F5CBEB00E0299C /* grassWindModifier.metal */; };
		EFC504AE27F5D45A00E0299C /* MyARView+Coaching.swift in Sources */ = {isa = PBXBuildFile; fileRef = EFC504AD27F5D45A00E0299C /* MyARView+Coaching.swift */; };
/* End PBXBuildFile section */

/* Begin PBXBuildRule section */
		EF9E4CB727F38F5D00A775E8 /* PBXBuildRule */ = {
			isa = PBXBuildRule;
			compilerSpec = com.apple.compilers.proxy.script;
			filePatterns = "*.ci.metal";
			fileType = pattern.proxy;
			inputFiles = (
			);
			isEditable = 1;
			outputFiles = (
				"$(DERIVED_FILE_DIR)/$(INPUT_FILE_BASE).air",
			);
			runOncePerArchitecture = 0;
			script = "# Type a script or drag a script file from your workspace to insert its path.\nxcrun metal -c -I $MTL_HEADER_SEARCH_PATHS -fcikernel \"${INPUT_FILE_PATH}\" -o \"${SCRIPT_OUTPUT_FILE_0}\"\n";
		};
/* End PBXBuildRule section */

/* Begin PBXFileReference section */
		EF9E4CAD27F3434C00A775E8 /* triangleDancerModifier.metal */ = {isa = PBXFileReference; lastKnownFileType = sourcecode.metal; path = triangleDancerModifier.metal; sourceTree = "<group>"; };
		EF9E4CAF27F34DB600A775E8 /* expandingSquareModifier.metal */ = {isa = PBXFileReference; lastKnownFileType = sourcecode.metal; path = expandingSquareModifier.metal; sourceTree = "<group>"; };
		EF9E4CB127F34F0900A775E8 /* MetalShaders.swift */ = {isa = PBXFileReference; lastKnownFileType = sourcecode.swift; path = MetalShaders.swift; sourceTree = "<group>"; };
		EF9E4CB327F38A6100A775E8 /* staticWireframeShader.metal */ = {isa = PBXFileReference; lastKnownFileType = sourcecode.metal; path = staticWireframeShader.metal; sourceTree = "<group>"; };
		EF9E4CB827F3A26F00A775E8 /* wireframeShader.metal */ = {isa = PBXFileReference; lastKnownFileType = sourcecode.metal; path = wireframeShader.metal; sourceTree = "<group>"; };
		EFAF2A4627F32F43002E7411 /* shaderTestingEnvironment.app */ = {isa = PBXFileReference; explicitFileType = wrapper.application; includeInIndex = 0; path = shaderTestingEnvironment.app; sourceTree = BUILT_PRODUCTS_DIR; };
		EFAF2A4927F32F43002E7411 /* AppDelegate.swift */ = {isa = PBXFileReference; lastKnownFileType = sourcecode.swift; path = AppDelegate.swift; sourceTree = "<group>"; };
		EFAF2A4B27F32F43002E7411 /* ContentView.swift */ = {isa = PBXFileReference; lastKnownFileType = sourcecode.swift; path = ContentView.swift; sourceTree = "<group>"; };
		EFAF2A4F27F32F44002E7411 /* Assets.xcassets */ = {isa = PBXFileReference; lastKnownFileType = folder.assetcatalog; path = Assets.xcassets; sourceTree = "<group>"; };
		EFAF2A5227F32F44002E7411 /* Preview Assets.xcassets */ = {isa = PBXFileReference; lastKnownFileType = folder.assetcatalog; path = "Preview Assets.xcassets"; sourceTree = "<group>"; };
		EFAF2A5927F32F73002E7411 /* MyARView.swift */ = {isa = PBXFileReference; lastKnownFileType = sourcecode.swift; path = MyARView.swift; sourceTree = "<group>"; };
		EFAF2A5B27F332CD002E7411 /* MyARView+Configuration.swift */ = {isa = PBXFileReference; lastKnownFileType = sourcecode.swift; path = "MyARView+Configuration.swift"; sourceTree = "<group>"; };
		EFAF2A5D27F33361002E7411 /* MyARView+ARSessionDelegate.swift */ = {isa = PBXFileReference; lastKnownFileType = sourcecode.swift; path = "MyARView+ARSessionDelegate.swift"; sourceTree = "<group>"; };
		EFAF2A5F27F33537002E7411 /* pulsingShader.metal */ = {isa = PBXFileReference; lastKnownFileType = sourcecode.metal; path = pulsingShader.metal; sourceTree = "<group>"; };
		EFAF2A6127F335A3002E7411 /* greenShader.metal */ = {isa = PBXFileReference; lastKnownFileType = sourcecode.metal; path = greenShader.metal; sourceTree = "<group>"; };
		EFAF2A6327F3362A002E7411 /* pulsingShader.h */ = {isa = PBXFileReference; lastKnownFileType = sourcecode.c.h; path = pulsingShader.h; sourceTree = "<group>"; };
		EFC504A727F5A8D000E0299C /* grassGreenShader.metal */ = {isa = PBXFileReference; lastKnownFileType = sourcecode.metal; path = grassGreenShader.metal; sourceTree = "<group>"; };
		EFC504AB27F5CBEB00E0299C /* grassWindModifier.metal */ = {isa = PBXFileReference; lastKnownFileType = sourcecode.metal; path = grassWindModifier.metal; sourceTree = "<group>"; };
		EFC504AD27F5D45A00E0299C /* MyARView+Coaching.swift */ = {isa = PBXFileReference; lastKnownFileType = sourcecode.swift; path = "MyARView+Coaching.swift"; sourceTree = "<group>"; };
/* End PBXFileReference section */

/* Begin PBXFrameworksBuildPhase section */
		EFAF2A4327F32F43002E7411 /* Frameworks */ = {
			isa = PBXFrameworksBuildPhase;
			buildActionMask = 2147483647;
			files = (
			);
			runOnlyForDeploymentPostprocessing = 0;
		};
/* End PBXFrameworksBuildPhase section */

/* Begin PBXGroup section */
		EF9E4CBC27F495B900A775E8 /* Metal */ = {
			isa = PBXGroup;
			children = (
				EF9E4CB127F34F0900A775E8 /* MetalShaders.swift */,
				EFAF2A6527F34306002E7411 /* Geometry Modifier */,
				EFAF2A6427F342EE002E7411 /* Surface Shader */,
			);
			path = Metal;
			sourceTree = "<group>";
		};
		EF9E4CBD27F495CC00A775E8 /* MyARView */ = {
			isa = PBXGroup;
			children = (
				EFAF2A5927F32F73002E7411 /* MyARView.swift */,
				EFAF2A5B27F332CD002E7411 /* MyARView+Configuration.swift */,
				EFAF2A5D27F33361002E7411 /* MyARView+ARSessionDelegate.swift */,
				EFC504AD27F5D45A00E0299C /* MyARView+Coaching.swift */,
			);
			path = MyARView;
			sourceTree = "<group>";
		};
		EF9E4CBE27F495D900A775E8 /* Support */ = {
			isa = PBXGroup;
			children = (
				EFAF2A4927F32F43002E7411 /* AppDelegate.swift */,
			);
			path = Support;
			sourceTree = "<group>";
		};
		EF9E4CBF27F495E300A775E8 /* Screen */ = {
			isa = PBXGroup;
			children = (
				EFAF2A4B27F32F43002E7411 /* ContentView.swift */,
			);
			path = Screen;
			sourceTree = "<group>";
		};
		EFAF2A3D27F32F43002E7411 = {
			isa = PBXGroup;
			children = (
				EFAF2A4827F32F43002E7411 /* shaderTestingEnvironment */,
				EFAF2A4727F32F43002E7411 /* Products */,
			);
			sourceTree = "<group>";
		};
		EFAF2A4727F32F43002E7411 /* Products */ = {
			isa = PBXGroup;
			children = (
				EFAF2A4627F32F43002E7411 /* shaderTestingEnvironment.app */,
			);
			name = Products;
			sourceTree = "<group>";
		};
		EFAF2A4827F32F43002E7411 /* shaderTestingEnvironment */ = {
			isa = PBXGroup;
			children = (
				EF9E4CBF27F495E300A775E8 /* Screen */,
				EF9E4CBE27F495D900A775E8 /* Support */,
				EF9E4CBD27F495CC00A775E8 /* MyARView */,
				EF9E4CBC27F495B900A775E8 /* Metal */,
				EFAF2A4F27F32F44002E7411 /* Assets.xcassets */,
				EFAF2A5127F32F44002E7411 /* Preview Content */,
			);
			path = shaderTestingEnvironment;
			sourceTree = "<group>";
		};
		EFAF2A5127F32F44002E7411 /* Preview Content */ = {
			isa = PBXGroup;
			children = (
				EFAF2A5227F32F44002E7411 /* Preview Assets.xcassets */,
			);
			path = "Preview Content";
			sourceTree = "<group>";
		};
		EFAF2A6427F342EE002E7411 /* Surface Shader */ = {
			isa = PBXGroup;
			children = (
				EFC504A627F5A8C800E0299C /* Grass */,
				EFC504A527F5A8BB00E0299C /* Focus Box */,
			);
			path = "Surface Shader";
			sourceTree = "<group>";
		};
		EFAF2A6527F34306002E7411 /* Geometry Modifier */ = {
			isa = PBXGroup;
			children = (
				EFC504AA27F5CBE000E0299C /* Grass */,
				EF9E4CAD27F3434C00A775E8 /* triangleDancerModifier.metal */,
				EF9E4CAF27F34DB600A775E8 /* expandingSquareModifier.metal */,
			);
			path = "Geometry Modifier";
			sourceTree = "<group>";
		};
		EFC504A527F5A8BB00E0299C /* Focus Box */ = {
			isa = PBXGroup;
			children = (
				EF9E4CB827F3A26F00A775E8 /* wireframeShader.metal */,
				EF9E4CB327F38A6100A775E8 /* staticWireframeShader.metal */,
				EFAF2A6127F335A3002E7411 /* greenShader.metal */,
				EFAF2A5F27F33537002E7411 /* pulsingShader.metal */,
				EFAF2A6327F3362A002E7411 /* pulsingShader.h */,
			);
			path = "Focus Box";
			sourceTree = "<group>";
		};
		EFC504A627F5A8C800E0299C /* Grass */ = {
			isa = PBXGroup;
			children = (
				EFC504A727F5A8D000E0299C /* grassGreenShader.metal */,
			);
			path = Grass;
			sourceTree = "<group>";
		};
		EFC504AA27F5CBE000E0299C /* Grass */ = {
			isa = PBXGroup;
			children = (
				EFC504AB27F5CBEB00E0299C /* grassWindModifier.metal */,
			);
			path = Grass;
			sourceTree = "<group>";
		};
/* End PBXGroup section */

/* Begin PBXNativeTarget section */
		EFAF2A4527F32F43002E7411 /* shaderTestingEnvironment */ = {
			isa = PBXNativeTarget;
			buildConfigurationList = EFAF2A5627F32F44002E7411 /* Build configuration list for PBXNativeTarget "shaderTestingEnvironment" */;
			buildPhases = (
				EFAF2A4227F32F43002E7411 /* Sources */,
				EFAF2A4327F32F43002E7411 /* Frameworks */,
				EFAF2A4427F32F43002E7411 /* Resources */,
			);
			buildRules = (
				EF9E4CB727F38F5D00A775E8 /* PBXBuildRule */,
			);
			dependencies = (
			);
			name = shaderTestingEnvironment;
			productName = shaderTestingEnvironment;
			productReference = EFAF2A4627F32F43002E7411 /* shaderTestingEnvironment.app */;
			productType = "com.apple.product-type.application";
		};
/* End PBXNativeTarget section */

/* Begin PBXProject section */
		EFAF2A3E27F32F43002E7411 /* Project object */ = {
			isa = PBXProject;
			attributes = {
				BuildIndependentTargetsInParallel = 1;
				LastSwiftUpdateCheck = 1330;
				LastUpgradeCheck = 1330;
				TargetAttributes = {
					EFAF2A4527F32F43002E7411 = {
						CreatedOnToolsVersion = 13.3;
					};
				};
			};
			buildConfigurationList = EFAF2A4127F32F43002E7411 /* Build configuration list for PBXProject "shaderTestingEnvironment" */;
			compatibilityVersion = "Xcode 13.0";
			developmentRegion = en;
			hasScannedForEncodings = 0;
			knownRegions = (
				en,
				Base,
			);
			mainGroup = EFAF2A3D27F32F43002E7411;
			productRefGroup = EFAF2A4727F32F43002E7411 /* Products */;
			projectDirPath = "";
			projectRoot = "";
			targets = (
				EFAF2A4527F32F43002E7411 /* shaderTestingEnvironment */,
			);
		};
/* End PBXProject section */

/* Begin PBXResourcesBuildPhase section */
		EFAF2A4427F32F43002E7411 /* Resources */ = {
			isa = PBXResourcesBuildPhase;
			buildActionMask = 2147483647;
			files = (
				EFAF2A5327F32F44002E7411 /* Preview Assets.xcassets in Resources */,
				EFAF2A5027F32F44002E7411 /* Assets.xcassets in Resources */,
			);
			runOnlyForDeploymentPostprocessing = 0;
		};
/* End PBXResourcesBuildPhase section */

/* Begin PBXSourcesBuildPhase section */
		EFAF2A4227F32F43002E7411 /* Sources */ = {
			isa = PBXSourcesBuildPhase;
			buildActionMask = 2147483647;
			files = (
				EF9E4CB227F34F0900A775E8 /* MetalShaders.swift in Sources */,
				EF9E4CB427F38A6100A775E8 /* staticWireframeShader.metal in Sources */,
				EFAF2A6227F335A3002E7411 /* greenShader.metal in Sources */,
				EFAF2A5E27F33361002E7411 /* MyARView+ARSessionDelegate.swift in Sources */,
				EF9E4CAE27F3434C00A775E8 /* triangleDancerModifier.metal in Sources */,
				EFC504A827F5A8D000E0299C /* grassGreenShader.metal in Sources */,
				EFAF2A4C27F32F43002E7411 /* ContentView.swift in Sources */,
				EF9E4CB027F34DB600A775E8 /* expandingSquareModifier.metal in Sources */,
				EFAF2A5A27F32F73002E7411 /* MyARView.swift in Sources */,
				EFAF2A6027F33537002E7411 /* pulsingShader.metal in Sources */,
				EFAF2A5C27F332CD002E7411 /* MyARView+Configuration.swift in Sources */,
				EFC504AC27F5CBEB00E0299C /* grassWindModifier.metal in Sources */,
				EFAF2A4A27F32F43002E7411 /* AppDelegate.swift in Sources */,
				EF9E4CB927F3A26F00A775E8 /* wireframeShader.metal in Sources */,
				EFC504AE27F5D45A00E0299C /* MyARView+Coaching.swift in Sources */,
			);
			runOnlyForDeploymentPostprocessing = 0;
		};
/* End PBXSourcesBuildPhase section */

/* Begin XCBuildConfiguration section */
		EFAF2A5427F32F44002E7411 /* Debug */ = {
			isa = XCBuildConfiguration;
			buildSettings = {
				ALWAYS_SEARCH_USER_PATHS = NO;
				CLANG_ANALYZER_NONNULL = YES;
				CLANG_ANALYZER_NUMBER_OBJECT_CONVERSION = YES_AGGRESSIVE;
				CLANG_CXX_LANGUAGE_STANDARD = "gnu++17";
				CLANG_ENABLE_MODULES = YES;
				CLANG_ENABLE_OBJC_ARC = YES;
				CLANG_ENABLE_OBJC_WEAK = YES;
				CLANG_WARN_BLOCK_CAPTURE_AUTORELEASING = YES;
				CLANG_WARN_BOOL_CONVERSION = YES;
				CLANG_WARN_COMMA = YES;
				CLANG_WARN_CONSTANT_CONVERSION = YES;
				CLANG_WARN_DEPRECATED_OBJC_IMPLEMENTATIONS = YES;
				CLANG_WARN_DIRECT_OBJC_ISA_USAGE = YES_ERROR;
				CLANG_WARN_DOCUMENTATION_COMMENTS = YES;
				CLANG_WARN_EMPTY_BODY = YES;
				CLANG_WARN_ENUM_CONVERSION = YES;
				CLANG_WARN_INFINITE_RECURSION = YES;
				CLANG_WARN_INT_CONVERSION = YES;
				CLANG_WARN_NON_LITERAL_NULL_CONVERSION = YES;
				CLANG_WARN_OBJC_IMPLICIT_RETAIN_SELF = YES;
				CLANG_WARN_OBJC_LITERAL_CONVERSION = YES;
				CLANG_WARN_OBJC_ROOT_CLASS = YES_ERROR;
				CLANG_WARN_QUOTED_INCLUDE_IN_FRAMEWORK_HEADER = YES;
				CLANG_WARN_RANGE_LOOP_ANALYSIS = YES;
				CLANG_WARN_STRICT_PROTOTYPES = YES;
				CLANG_WARN_SUSPICIOUS_MOVE = YES;
				CLANG_WARN_UNGUARDED_AVAILABILITY = YES_AGGRESSIVE;
				CLANG_WARN_UNREACHABLE_CODE = YES;
				CLANG_WARN__DUPLICATE_METHOD_MATCH = YES;
				COPY_PHASE_STRIP = NO;
				DEBUG_INFORMATION_FORMAT = dwarf;
				ENABLE_STRICT_OBJC_MSGSEND = YES;
				ENABLE_TESTABILITY = YES;
				GCC_C_LANGUAGE_STANDARD = gnu11;
				GCC_DYNAMIC_NO_PIC = NO;
				GCC_NO_COMMON_BLOCKS = YES;
				GCC_OPTIMIZATION_LEVEL = 0;
				GCC_PREPROCESSOR_DEFINITIONS = (
					"DEBUG=1",
					"$(inherited)",
				);
				GCC_WARN_64_TO_32_BIT_CONVERSION = YES;
				GCC_WARN_ABOUT_RETURN_TYPE = YES_ERROR;
				GCC_WARN_UNDECLARED_SELECTOR = YES;
				GCC_WARN_UNINITIALIZED_AUTOS = YES_AGGRESSIVE;
				GCC_WARN_UNUSED_FUNCTION = YES;
				GCC_WARN_UNUSED_VARIABLE = YES;
				IPHONEOS_DEPLOYMENT_TARGET = 15.4;
				MTL_ENABLE_DEBUG_INFO = INCLUDE_SOURCE;
				MTL_FAST_MATH = YES;
				ONLY_ACTIVE_ARCH = YES;
				SDKROOT = iphoneos;
				SWIFT_ACTIVE_COMPILATION_CONDITIONS = DEBUG;
				SWIFT_OPTIMIZATION_LEVEL = "-Onone";
			};
			name = Debug;
		};
		EFAF2A5527F32F44002E7411 /* Release */ = {
			isa = XCBuildConfiguration;
			buildSettings = {
				ALWAYS_SEARCH_USER_PATHS = NO;
				CLANG_ANALYZER_NONNULL = YES;
				CLANG_ANALYZER_NUMBER_OBJECT_CONVERSION = YES_AGGRESSIVE;
				CLANG_CXX_LANGUAGE_STANDARD = "gnu++17";
				CLANG_ENABLE_MODULES = YES;
				CLANG_ENABLE_OBJC_ARC = YES;
				CLANG_ENABLE_OBJC_WEAK = YES;
				CLANG_WARN_BLOCK_CAPTURE_AUTORELEASING = YES;
				CLANG_WARN_BOOL_CONVERSION = YES;
				CLANG_WARN_COMMA = YES;
				CLANG_WARN_CONSTANT_CONVERSION = YES;
				CLANG_WARN_DEPRECATED_OBJC_IMPLEMENTATIONS = YES;
				CLANG_WARN_DIRECT_OBJC_ISA_USAGE = YES_ERROR;
				CLANG_WARN_DOCUMENTATION_COMMENTS = YES;
				CLANG_WARN_EMPTY_BODY = YES;
				CLANG_WARN_ENUM_CONVERSION = YES;
				CLANG_WARN_INFINITE_RECURSION = YES;
				CLANG_WARN_INT_CONVERSION = YES;
				CLANG_WARN_NON_LITERAL_NULL_CONVERSION = YES;
				CLANG_WARN_OBJC_IMPLICIT_RETAIN_SELF = YES;
				CLANG_WARN_OBJC_LITERAL_CONVERSION = YES;
				CLANG_WARN_OBJC_ROOT_CLASS = YES_ERROR;
				CLANG_WARN_QUOTED_INCLUDE_IN_FRAMEWORK_HEADER = YES;
				CLANG_WARN_RANGE_LOOP_ANALYSIS = YES;
				CLANG_WARN_STRICT_PROTOTYPES = YES;
				CLANG_WARN_SUSPICIOUS_MOVE = YES;
				CLANG_WARN_UNGUARDED_AVAILABILITY = YES_AGGRESSIVE;
				CLANG_WARN_UNREACHABLE_CODE = YES;
				CLANG_WARN__DUPLICATE_METHOD_MATCH = YES;
				COPY_PHASE_STRIP = NO;
				DEBUG_INFORMATION_FORMAT = "dwarf-with-dsym";
				ENABLE_NS_ASSERTIONS = NO;
				ENABLE_STRICT_OBJC_MSGSEND = YES;
				GCC_C_LANGUAGE_STANDARD = gnu11;
				GCC_NO_COMMON_BLOCKS = YES;
				GCC_WARN_64_TO_32_BIT_CONVERSION = YES;
				GCC_WARN_ABOUT_RETURN_TYPE = YES_ERROR;
				GCC_WARN_UNDECLARED_SELECTOR = YES;
				GCC_WARN_UNINITIALIZED_AUTOS = YES_AGGRESSIVE;
				GCC_WARN_UNUSED_FUNCTION = YES;
				GCC_WARN_UNUSED_VARIABLE = YES;
				IPHONEOS_DEPLOYMENT_TARGET = 15.4;
				MTL_ENABLE_DEBUG_INFO = NO;
				MTL_FAST_MATH = YES;
				SDKROOT = iphoneos;
				SWIFT_COMPILATION_MODE = wholemodule;
				SWIFT_OPTIMIZATION_LEVEL = "-O";
				VALIDATE_PRODUCT = YES;
			};
			name = Release;
		};
		EFAF2A5727F32F44002E7411 /* Debug */ = {
			isa = XCBuildConfiguration;
			buildSettings = {
				ASSETCATALOG_COMPILER_APPICON_NAME = AppIcon;
				ASSETCATALOG_COMPILER_GLOBAL_ACCENT_COLOR_NAME = AccentColor;
				CLANG_CXX_LIBRARY = "libc++";
				CODE_SIGN_STYLE = Automatic;
				CURRENT_PROJECT_VERSION = 1;
				DEVELOPMENT_ASSET_PATHS = "\"shaderTestingEnvironment/Preview Content\"";
				DEVELOPMENT_TEAM = 9HHDDYFD2W;
				ENABLE_PREVIEWS = YES;
				GENERATE_INFOPLIST_FILE = YES;
				INFOPLIST_KEY_NSCameraUsageDescription = "";
				INFOPLIST_KEY_UIApplicationSupportsIndirectInputEvents = YES;
				INFOPLIST_KEY_UILaunchScreen_Generation = YES;
				INFOPLIST_KEY_UIRequiredDeviceCapabilities = arkit;
				INFOPLIST_KEY_UIStatusBarHidden = YES;
				INFOPLIST_KEY_UISupportedInterfaceOrientations_iPad = "UIInterfaceOrientationPortrait UIInterfaceOrientationPortraitUpsideDown UIInterfaceOrientationLandscapeLeft UIInterfaceOrientationLandscapeRight";
				INFOPLIST_KEY_UISupportedInterfaceOrientations_iPhone = "UIInterfaceOrientationPortrait UIInterfaceOrientationLandscapeLeft UIInterfaceOrientationLandscapeRight";
				LD_RUNPATH_SEARCH_PATHS = (
					"$(inherited)",
					"@executable_path/Frameworks",
				);
				MARKETING_VERSION = 1.0;
				PRODUCT_BUNDLE_IDENTIFIER = jmg.shaderTestingEnvironment;
				PRODUCT_NAME = "$(TARGET_NAME)";
				SWIFT_EMIT_LOC_STRINGS = YES;
				SWIFT_VERSION = 5.0;
				TARGETED_DEVICE_FAMILY = "1,2";
			};
			name = Debug;
		};
		EFAF2A5827F32F44002E7411 /* Release */ = {
			isa = XCBuildConfiguration;
			buildSettings = {
				ASSETCATALOG_COMPILER_APPICON_NAME = AppIcon;
				ASSETCATALOG_COMPILER_GLOBAL_ACCENT_COLOR_NAME = AccentColor;
				CLANG_CXX_LIBRARY = "libc++";
				CODE_SIGN_STYLE = Automatic;
				CURRENT_PROJECT_VERSION = 1;
				DEVELOPMENT_ASSET_PATHS = "\"shaderTestingEnvironment/Preview Content\"";
				DEVELOPMENT_TEAM = 9HHDDYFD2W;
				ENABLE_PREVIEWS = YES;
				GENERATE_INFOPLIST_FILE = YES;
				INFOPLIST_KEY_NSCameraUsageDescription = "";
				INFOPLIST_KEY_UIApplicationSupportsIndirectInputEvents = YES;
				INFOPLIST_KEY_UILaunchScreen_Generation = YES;
				INFOPLIST_KEY_UIRequiredDeviceCapabilities = arkit;
				INFOPLIST_KEY_UIStatusBarHidden = YES;
				INFOPLIST_KEY_UISupportedInterfaceOrientations_iPad = "UIInterfaceOrientationPortrait UIInterfaceOrientationPortraitUpsideDown UIInterfaceOrientationLandscapeLeft UIInterfaceOrientationLandscapeRight";
				INFOPLIST_KEY_UISupportedInterfaceOrientations_iPhone = "UIInterfaceOrientationPortrait UIInterfaceOrientationLandscapeLeft UIInterfaceOrientationLandscapeRight";
				LD_RUNPATH_SEARCH_PATHS = (
					"$(inherited)",
					"@executable_path/Frameworks",
				);
				MARKETING_VERSION = 1.0;
				PRODUCT_BUNDLE_IDENTIFIER = jmg.shaderTestingEnvironment;
				PRODUCT_NAME = "$(TARGET_NAME)";
				SWIFT_EMIT_LOC_STRINGS = YES;
				SWIFT_VERSION = 5.0;
				TARGETED_DEVICE_FAMILY = "1,2";
			};
			name = Release;
		};
/* End XCBuildConfiguration section */

/* Begin XCConfigurationList section */
		EFAF2A4127F32F43002E7411 /* Build configuration list for PBXProject "shaderTestingEnvironment" */ = {
			isa = XCConfigurationList;
			buildConfigurations = (
				EFAF2A5427F32F44002E7411 /* Debug */,
				EFAF2A5527F32F44002E7411 /* Release */,
			);
			defaultConfigurationIsVisible = 0;
			defaultConfigurationName = Release;
		};
		EFAF2A5627F32F44002E7411 /* Build configuration list for PBXNativeTarget "shaderTestingEnvironment" */ = {
			isa = XCConfigurationList;
			buildConfigurations = (
				EFAF2A5727F32F44002E7411 /* Debug */,
				EFAF2A5827F32F44002E7411 /* Release */,
			);
			defaultConfigurationIsVisible = 0;
			defaultConfigurationName = Release;
		};
/* End XCConfigurationList section */
	};
	rootObject = EFAF2A3E27F32F43002E7411 /* Project object */;
}
